{
	"name": "ProjetBlog",
	"lockfileVersion": 3,
	"requires": true,
	"packages": {
		"": {
			"dependencies": {
				"@prisma/client": "^5.11.0",
				"axios": "^1.6.8",
				"prisma": "^5.11.0"
			}
		},
		"node_modules/@prisma/client": {
			"version": "5.11.0",
			"resolved": "https://registry.npmjs.org/@prisma/client/-/client-5.11.0.tgz",
			"integrity": "sha512-SWshvS5FDXvgJKM/a0y9nDC1rqd7KG0Q6ZVzd+U7ZXK5soe73DJxJJgbNBt2GNXOa+ysWB4suTpdK5zfFPhwiw==",
			"hasInstallScript": true,
			"engines": {
				"node": ">=16.13"
			},
			"peerDependencies": {
				"prisma": "*"
			},
			"peerDependenciesMeta": {
				"prisma": {
					"optional": true
				}
			}
		},
		"node_modules/@prisma/debug": {
			"version": "5.11.0",
			"resolved": "https://registry.npmjs.org/@prisma/debug/-/debug-5.11.0.tgz",
			"integrity": "sha512-N6yYr3AbQqaiUg+OgjkdPp3KPW1vMTAgtKX6+BiB/qB2i1TjLYCrweKcUjzOoRM5BriA4idrkTej9A9QqTfl3A=="
		},
		"node_modules/@prisma/engines": {
			"version": "5.11.0",
			"resolved": "https://registry.npmjs.org/@prisma/engines/-/engines-5.11.0.tgz",
			"integrity": "sha512-gbrpQoBTYWXDRqD+iTYMirDlF9MMlQdxskQXbhARhG6A/uFQjB7DZMYocMQLoiZXO/IskfDOZpPoZE8TBQKtEw==",
			"hasInstallScript": true,
			"dependencies": {
				"@prisma/debug": "5.11.0",
				"@prisma/engines-version": "5.11.0-15.efd2449663b3d73d637ea1fd226bafbcf45b3102",
				"@prisma/fetch-engine": "5.11.0",
				"@prisma/get-platform": "5.11.0"
			}
		},
		"node_modules/@prisma/engines-version": {
			"version": "5.11.0-15.efd2449663b3d73d637ea1fd226bafbcf45b3102",
			"resolved": "https://registry.npmjs.org/@prisma/engines-version/-/engines-version-5.11.0-15.efd2449663b3d73d637ea1fd226bafbcf45b3102.tgz",
			"integrity": "sha512-WXCuyoymvrS4zLz4wQagSsc3/nE6CHy8znyiMv8RKazKymOMd5o9FP5RGwGHAtgoxd+aB/BWqxuP/Ckfu7/3MA=="
		},
		"node_modules/@prisma/fetch-engine": {
			"version": "5.11.0",
			"resolved": "https://registry.npmjs.org/@prisma/fetch-engine/-/fetch-engine-5.11.0.tgz",
			"integrity": "sha512-994viazmHTJ1ymzvWugXod7dZ42T2ROeFuH6zHPcUfp/69+6cl5r9u3NFb6bW8lLdNjwLYEVPeu3hWzxpZeC0w==",
			"dependencies": {
				"@prisma/debug": "5.11.0",
				"@prisma/engines-version": "5.11.0-15.efd2449663b3d73d637ea1fd226bafbcf45b3102",
				"@prisma/get-platform": "5.11.0"
			}
		},
		"node_modules/@prisma/get-platform": {
			"version": "5.11.0",
			"resolved": "https://registry.npmjs.org/@prisma/get-platform/-/get-platform-5.11.0.tgz",
			"integrity": "sha512-rxtHpMLxNTHxqWuGOLzR2QOyQi79rK1u1XYAVLZxDGTLz/A+uoDnjz9veBFlicrpWjwuieM4N6jcnjj/DDoidw==",
			"dependencies": {
				"@prisma/debug": "5.11.0"
			}
		},
		"node_modules/asynckit": {
			"version": "0.4.0",
			"resolved": "https://registry.npmjs.org/asynckit/-/asynckit-0.4.0.tgz",
			"integrity": "sha512-Oei9OH4tRh0YqU3GxhX79dM/mwVgvbZJaSNaRk+bshkj0S5cfHcgYakreBjrHwatXKbz+IoIdYLxrKim2MjW0Q=="
		},
		"node_modules/axios": {
			"version": "1.6.8",
			"resolved": "https://registry.npmjs.org/axios/-/axios-1.6.8.tgz",
			"integrity": "sha512-v/ZHtJDU39mDpyBoFVkETcd/uNdxrWRrg3bKpOKzXFA6Bvqopts6ALSMU3y6ijYxbw2B+wPrIv46egTzJXCLGQ==",
			"dependencies": {
				"follow-redirects": "^1.15.6",
				"form-data": "^4.0.0",
				"proxy-from-env": "^1.1.0"
			}
		},
		"node_modules/combined-stream": {
			"version": "1.0.8",
			"resolved": "https://registry.npmjs.org/combined-stream/-/combined-stream-1.0.8.tgz",
			"integrity": "sha512-FQN4MRfuJeHf7cBbBMJFXhKSDq+2kAArBlmRBvcvFE5BB1HZKXtSFASDhdlz9zOYwxh8lDdnvmMOe/+5cdoEdg==",
			"dependencies": {
				"delayed-stream": "~1.0.0"
			},
			"engines": {
				"node": ">= 0.8"
			}
		},
		"node_modules/delayed-stream": {
			"version": "1.0.0",
			"resolved": "https://registry.npmjs.org/delayed-stream/-/delayed-stream-1.0.0.tgz",
			"integrity": "sha512-ZySD7Nf91aLB0RxL4KGrKHBXl7Eds1DAmEdcoVawXnLD7SDhpNgtuII2aAkg7a7QS41jxPSZ17p4VdGnMHk3MQ==",
			"engines": {
				"node": ">=0.4.0"
			}
		},
		"node_modules/follow-redirects": {
			"version": "1.15.6",
			"resolved": "https://registry.npmjs.org/follow-redirects/-/follow-redirects-1.15.6.tgz",
			"integrity": "sha512-wWN62YITEaOpSK584EZXJafH1AGpO8RVgElfkuXbTOrPX4fIfOyEpW/CsiNd8JdYrAoOvafRTOEnvsO++qCqFA==",
			"funding": [
				{
					"type": "individual",
					"url": "https://github.com/sponsors/RubenVerborgh"
				}
			],
			"engines": {
				"node": ">=4.0"
			},
			"peerDependenciesMeta": {
				"debug": {
					"optional": true
				}
			}
		},
		"node_modules/form-data": {
			"version": "4.0.0",
			"resolved": "https://registry.npmjs.org/form-data/-/form-data-4.0.0.tgz",
			"integrity": "sha512-ETEklSGi5t0QMZuiXoA/Q6vcnxcLQP5vdugSpuAyi6SVGi2clPPp+xgEhuMaHC+zGgn31Kd235W35f7Hykkaww==",
			"dependencies": {
				"asynckit": "^0.4.0",
				"combined-stream": "^1.0.8",
				"mime-types": "^2.1.12"
			},
			"engines": {
				"node": ">= 6"
			}
		},
		"node_modules/mime-db": {
			"version": "1.52.0",
			"resolved": "https://registry.npmjs.org/mime-db/-/mime-db-1.52.0.tgz",
			"integrity": "sha512-sPU4uV7dYlvtWJxwwxHD0PuihVNiE7TyAbQ5SWxDCB9mUYvOgroQOwYQQOKPJ8CIbE+1ETVlOoK1UC2nU3gYvg==",
			"engines": {
				"node": ">= 0.6"
			}
		},
		"node_modules/mime-types": {
			"version": "2.1.35",
			"resolved": "https://registry.npmjs.org/mime-types/-/mime-types-2.1.35.tgz",
			"integrity": "sha512-ZDY+bPm5zTTF+YpCrAU9nK0UgICYPT0QtT1NZWFv4s++TNkcgVaT0g6+4R2uI4MjQjzysHB1zxuWL50hzaeXiw==",
			"dependencies": {
				"mime-db": "1.52.0"
			},
			"engines": {
				"node": ">= 0.6"
			}
		},
		"node_modules/prisma": {
			"version": "5.11.0",
			"resolved": "https://registry.npmjs.org/prisma/-/prisma-5.11.0.tgz",
			"integrity": "sha512-KCLiug2cs0Je7kGkQBN9jDWoZ90ogE/kvZTUTgz2h94FEo8pczCkPH7fPNXkD1sGU7Yh65risGGD1HQ5DF3r3g==",
			"hasInstallScript": true,
			"dependencies": {
				"@prisma/engines": "5.11.0"
			},
			"bin": {
				"prisma": "build/index.js"
			},
			"engines": {
				"node": ">=16.13"
			}
		},
		"node_modules/proxy-from-env": {
			"version": "1.1.0",
			"resolved": "https://registry.npmjs.org/proxy-from-env/-/proxy-from-env-1.1.0.tgz",
			"integrity": "sha512-D+zkORCbA9f1tdWRK0RaCR3GPv50cMxcrz4X8k5LTSUD1Dkw47mKJEZQNunItRTkWwgtaUSo1RVFRIG9ZXiFYg=="
		}
	}
}
